
Microsoft Visual Studio Solution File, Format Version 12.00
Project("{FAE04EC0-301F-11D3-BF4B-00C04F79EFBC}") = "Registration", "Registration\Registration.csproj", "{577438DA-6DD6-472B-998B-F68467EF78B0}"
EndProject
Global
	GlobalSection(SolutionConfigurationPlatforms) = preSolution
		Debug|Any CPU = Debug|Any CPU
		Release|Any CPU = Release|Any CPU
	EndGlobalSection
	GlobalSection(ProjectConfigurationPlatforms) = postSolution
		{577438DA-6DD6-472B-998B-F68467EF78B0}.Debug|Any CPU.ActiveCfg = Debug|Any CPU
		{577438DA-6DD6-472B-998B-F68467EF78B0}.Debug|Any CPU.Build.0 = Debug|Any CPU
		{577438DA-6DD6-472B-998B-F68467EF78B0}.Release|Any CPU.ActiveCfg = Release|Any CPU
		{577438DA-6DD6-472B-998B-F68467EF78B0}.Release|Any CPU.Build.0 = Release|Any CPU
	EndGlobalSection
EndGlobal
